// !$*UTF8*$!
{
	archiveVersion = 1;
	classes = {
	};
	objectVersion = 52;
	objects = {

/* Begin PBXBuildFile section */
		9236AAFC24BCADCD00AD6B6E /* AppDelegate.swift in Sources */ = {isa = PBXBuildFile; fileRef = 9236AAFB24BCADCD00AD6B6E /* AppDelegate.swift */; };
		9236AAFE24BCADCD00AD6B6E /* SceneDelegate.swift in Sources */ = {isa = PBXBuildFile; fileRef = 9236AAFD24BCADCD00AD6B6E /* SceneDelegate.swift */; };
		9236AB0224BCADD000AD6B6E /* Assets.xcassets in Resources */ = {isa = PBXBuildFile; fileRef = 9236AB0124BCADD000AD6B6E /* Assets.xcassets */; };
		9236AB0524BCADD000AD6B6E /* Preview Assets.xcassets in Resources */ = {isa = PBXBuildFile; fileRef = 9236AB0424BCADD000AD6B6E /* Preview Assets.xcassets */; };
		9236AB0824BCADD000AD6B6E /* LaunchScreen.storyboard in Resources */ = {isa = PBXBuildFile; fileRef = 9236AB0624BCADD000AD6B6E /* LaunchScreen.storyboard */; };
		9236AB1524BCBE7200AD6B6E /* playlists.yml in Resources */ = {isa = PBXBuildFile; fileRef = 9236AB1424BCBE7200AD6B6E /* playlists.yml */; };
		9236AB1724BCBE8A00AD6B6E /* Videos in Resources */ = {isa = PBXBuildFile; fileRef = 9236AB1624BCBE8A00AD6B6E /* Videos */; };
		9236AB1B24BCC4F200AD6B6E /* Yams in Frameworks */ = {isa = PBXBuildFile; productRef = 9236AB1A24BCC4F200AD6B6E /* Yams */; };
		9236AB1E24BCC55700AD6B6E /* Playlist.swift in Sources */ = {isa = PBXBuildFile; fileRef = 9236AB1D24BCC55700AD6B6E /* Playlist.swift */; };
		9236AB2024BCC55F00AD6B6E /* Clip.swift in Sources */ = {isa = PBXBuildFile; fileRef = 9236AB1F24BCC55F00AD6B6E /* Clip.swift */; };
		9236AB2324BD015700AD6B6E /* PlaylistsScreen.swift in Sources */ = {isa = PBXBuildFile; fileRef = 9236AB2224BD015700AD6B6E /* PlaylistsScreen.swift */; };
/* End PBXBuildFile section */

/* Begin PBXFileReference section */
		9236AAF824BCADCD00AD6B6E /* ChunksUnited.app */ = {isa = PBXFileReference; explicitFileType = wrapper.application; includeInIndex = 0; path = ChunksUnited.app; sourceTree = BUILT_PRODUCTS_DIR; };
		9236AAFB24BCADCD00AD6B6E /* AppDelegate.swift */ = {isa = PBXFileReference; lastKnownFileType = sourcecode.swift; path = AppDelegate.swift; sourceTree = "<group>"; };
		9236AAFD24BCADCD00AD6B6E /* SceneDelegate.swift */ = {isa = PBXFileReference; lastKnownFileType = sourcecode.swift; path = SceneDelegate.swift; sourceTree = "<group>"; };
		9236AB0124BCADD000AD6B6E /* Assets.xcassets */ = {isa = PBXFileReference; lastKnownFileType = folder.assetcatalog; path = Assets.xcassets; sourceTree = "<group>"; };
		9236AB0424BCADD000AD6B6E /* Preview Assets.xcassets */ = {isa = PBXFileReference; lastKnownFileType = folder.assetcatalog; path = "Preview Assets.xcassets"; sourceTree = "<group>"; };
		9236AB0724BCADD000AD6B6E /* Base */ = {isa = PBXFileReference; lastKnownFileType = file.storyboard; name = Base; path = Base.lproj/LaunchScreen.storyboard; sourceTree = "<group>"; };
		9236AB0924BCADD000AD6B6E /* Info.plist */ = {isa = PBXFileReference; lastKnownFileType = text.plist.xml; path = Info.plist; sourceTree = "<group>"; };
		9236AB1424BCBE7200AD6B6E /* playlists.yml */ = {isa = PBXFileReference; fileEncoding = 4; lastKnownFileType = text.yaml; path = playlists.yml; sourceTree = "<group>"; };
		9236AB1624BCBE8A00AD6B6E /* Videos */ = {isa = PBXFileReference; lastKnownFileType = folder; path = Videos; sourceTree = "<group>"; };
		9236AB1D24BCC55700AD6B6E /* Playlist.swift */ = {isa = PBXFileReference; lastKnownFileType = sourcecode.swift; path = Playlist.swift; sourceTree = "<group>"; };
		9236AB1F24BCC55F00AD6B6E /* Clip.swift */ = {isa = PBXFileReference; lastKnownFileType = sourcecode.swift; path = Clip.swift; sourceTree = "<group>"; };
		9236AB2224BD015700AD6B6E /* PlaylistsScreen.swift */ = {isa = PBXFileReference; lastKnownFileType = sourcecode.swift; path = PlaylistsScreen.swift; sourceTree = "<group>"; };
/* End PBXFileReference section */

/* Begin PBXFrameworksBuildPhase section */
		9236AAF524BCADCD00AD6B6E /* Frameworks */ = {
			isa = PBXFrameworksBuildPhase;
			buildActionMask = 2147483647;
			files = (
				9236AB1B24BCC4F200AD6B6E /* Yams in Frameworks */,
			);
			runOnlyForDeploymentPostprocessing = 0;
		};
/* End PBXFrameworksBuildPhase section */

/* Begin PBXGroup section */
		9236AAEF24BCADCD00AD6B6E = {
			isa = PBXGroup;
			children = (
				9236AAFA24BCADCD00AD6B6E /* ChunksUnited */,
				9236AAF924BCADCD00AD6B6E /* Products */,
			);
			sourceTree = "<group>";
		};
		9236AAF924BCADCD00AD6B6E /* Products */ = {
			isa = PBXGroup;
			children = (
				9236AAF824BCADCD00AD6B6E /* ChunksUnited.app */,
			);
			name = Products;
			sourceTree = "<group>";
		};
		9236AAFA24BCADCD00AD6B6E /* ChunksUnited */ = {
			isa = PBXGroup;
			children = (
				9236AB2124BD014100AD6B6E /* Screens */,
				9236AB1C24BCC54F00AD6B6E /* Models */,
				9236AB1224BCBE7200AD6B6E /* Resources */,
				9236AAFB24BCADCD00AD6B6E /* AppDelegate.swift */,
				9236AAFD24BCADCD00AD6B6E /* SceneDelegate.swift */,
				9236AB0124BCADD000AD6B6E /* Assets.xcassets */,
				9236AB0624BCADD000AD6B6E /* LaunchScreen.storyboard */,
				9236AB0924BCADD000AD6B6E /* Info.plist */,
				9236AB0324BCADD000AD6B6E /* Preview Content */,
			);
			path = ChunksUnited;
			sourceTree = "<group>";
		};
		9236AB0324BCADD000AD6B6E /* Preview Content */ = {
			isa = PBXGroup;
			children = (
				9236AB0424BCADD000AD6B6E /* Preview Assets.xcassets */,
			);
			path = "Preview Content";
			sourceTree = "<group>";
		};
		9236AB1224BCBE7200AD6B6E /* Resources */ = {
			isa = PBXGroup;
			children = (
				9236AB1624BCBE8A00AD6B6E /* Videos */,
				9236AB1424BCBE7200AD6B6E /* playlists.yml */,
			);
			path = Resources;
			sourceTree = "<group>";
		};
		9236AB1C24BCC54F00AD6B6E /* Models */ = {
			isa = PBXGroup;
			children = (
				9236AB1D24BCC55700AD6B6E /* Playlist.swift */,
				9236AB1F24BCC55F00AD6B6E /* Clip.swift */,
			);
			path = Models;
			sourceTree = "<group>";
		};
		9236AB2124BD014100AD6B6E /* Screens */ = {
			isa = PBXGroup;
			children = (
				9236AB2824BD017E00AD6B6E /* Playlists */,
			);
			path = Screens;
			sourceTree = "<group>";
		};
		9236AB2824BD017E00AD6B6E /* Playlists */ = {
			isa = PBXGroup;
			children = (
				9236AB2224BD015700AD6B6E /* PlaylistsScreen.swift */,
			);
			path = Playlists;
			sourceTree = "<group>";
		};
/* End PBXGroup section */

/* Begin PBXNativeTarget section */
		9236AAF724BCADCD00AD6B6E /* ChunksUnited */ = {
			isa = PBXNativeTarget;
			buildConfigurationList = 9236AB0C24BCADD000AD6B6E /* Build configuration list for PBXNativeTarget "ChunksUnited" */;
			buildPhases = (
				9236AAF424BCADCD00AD6B6E /* Sources */,
				9236AAF524BCADCD00AD6B6E /* Frameworks */,
				9236AAF624BCADCD00AD6B6E /* Resources */,
				9236AB0F24BCB3D900AD6B6E /* SwiftLint Run Script */,
			);
			buildRules = (
			);
			dependencies = (
			);
			name = ChunksUnited;
			packageProductDependencies = (
				9236AB1A24BCC4F200AD6B6E /* Yams */,
			);
			productName = ChunksUnited;
			productReference = 9236AAF824BCADCD00AD6B6E /* ChunksUnited.app */;
			productType = "com.apple.product-type.application";
		};
/* End PBXNativeTarget section */

/* Begin PBXProject section */
		9236AAF024BCADCD00AD6B6E /* Project object */ = {
			isa = PBXProject;
			attributes = {
				LastSwiftUpdateCheck = 1150;
				LastUpgradeCheck = 1150;
				ORGANIZATIONNAME = Denis;
				TargetAttributes = {
					9236AAF724BCADCD00AD6B6E = {
						CreatedOnToolsVersion = 11.5;
					};
				};
			};
			buildConfigurationList = 9236AAF324BCADCD00AD6B6E /* Build configuration list for PBXProject "ChunksUnited" */;
			compatibilityVersion = "Xcode 9.3";
			developmentRegion = en;
			hasScannedForEncodings = 0;
			knownRegions = (
				en,
				Base,
			);
			mainGroup = 9236AAEF24BCADCD00AD6B6E;
			packageReferences = (
				9236AB1924BCC4F100AD6B6E /* XCRemoteSwiftPackageReference "Yams" */,
			);
			productRefGroup = 9236AAF924BCADCD00AD6B6E /* Products */;
			projectDirPath = "";
			projectRoot = "";
			targets = (
				9236AAF724BCADCD00AD6B6E /* ChunksUnited */,
			);
		};
/* End PBXProject section */

/* Begin PBXResourcesBuildPhase section */
		9236AAF624BCADCD00AD6B6E /* Resources */ = {
			isa = PBXResourcesBuildPhase;
			buildActionMask = 2147483647;
			files = (
				9236AB1724BCBE8A00AD6B6E /* Videos in Resources */,
				9236AB0824BCADD000AD6B6E /* LaunchScreen.storyboard in Resources */,
				9236AB0524BCADD000AD6B6E /* Preview Assets.xcassets in Resources */,
				9236AB1524BCBE7200AD6B6E /* playlists.yml in Resources */,
				9236AB0224BCADD000AD6B6E /* Assets.xcassets in Resources */,
			);
			runOnlyForDeploymentPostprocessing = 0;
		};
/* End PBXResourcesBuildPhase section */

/* Begin PBXShellScriptBuildPhase section */
		9236AB0F24BCB3D900AD6B6E /* SwiftLint Run Script */ = {
			isa = PBXShellScriptBuildPhase;
			buildActionMask = 2147483647;
			files = (
			);
			inputFileListPaths = (
			);
			inputPaths = (
			);
			name = "SwiftLint Run Script";
			outputFileListPaths = (
			);
			outputPaths = (
			);
			runOnlyForDeploymentPostprocessing = 0;
			shellPath = /bin/sh;
			shellScript = "if which swiftlint >/dev/null; then\n  swiftlint\nelse\n  echo \"warning: SwiftLint not installed, download from https://github.com/realm/SwiftLint\"\nfi\n";
		};
/* End PBXShellScriptBuildPhase section */

/* Begin PBXSourcesBuildPhase section */
		9236AAF424BCADCD00AD6B6E /* Sources */ = {
			isa = PBXSourcesBuildPhase;
			buildActionMask = 2147483647;
			files = (
				9236AAFC24BCADCD00AD6B6E /* AppDelegate.swift in Sources */,
				9236AB2324BD015700AD6B6E /* PlaylistsScreen.swift in Sources */,
				9236AAFE24BCADCD00AD6B6E /* SceneDelegate.swift in Sources */,
				9236AB2024BCC55F00AD6B6E /* Clip.swift in Sources */,
				9236AB1E24BCC55700AD6B6E /* Playlist.swift in Sources */,
			);
			runOnlyForDeploymentPostprocessing = 0;
		};
/* End PBXSourcesBuildPhase section */

/* Begin PBXVariantGroup section */
		9236AB0624BCADD000AD6B6E /* LaunchScreen.storyboard */ = {
			isa = PBXVariantGroup;
			children = (
				9236AB0724BCADD000AD6B6E /* Base */,
			);
			name = LaunchScreen.storyboard;
			sourceTree = "<group>";
		};
/* End PBXVariantGroup section */

/* Begin XCBuildConfiguration section */
		9236AB0A24BCADD000AD6B6E /* Debug */ = {
			isa = XCBuildConfiguration;
			buildSettings = {
				ALWAYS_SEARCH_USER_PATHS = NO;
				CLANG_ANALYZER_NONNULL = YES;
				CLANG_ANALYZER_NUMBER_OBJECT_CONVERSION = YES_AGGRESSIVE;
				CLANG_CXX_LANGUAGE_STANDARD = "gnu++14";
				CLANG_CXX_LIBRARY = "libc++";
				CLANG_ENABLE_MODULES = YES;
				CLANG_ENABLE_OBJC_ARC = YES;
				CLANG_ENABLE_OBJC_WEAK = YES;
				CLANG_WARN_BLOCK_CAPTURE_AUTORELEASING = YES;
				CLANG_WARN_BOOL_CONVERSION = YES;
				CLANG_WARN_COMMA = YES;
				CLANG_WARN_CONSTANT_CONVERSION = YES;
				CLANG_WARN_DEPRECATED_OBJC_IMPLEMENTATIONS = YES;
				CLANG_WARN_DIRECT_OBJC_ISA_USAGE = YES_ERROR;
				CLANG_WARN_DOCUMENTATION_COMMENTS = YES;
				CLANG_WARN_EMPTY_BODY = YES;
				CLANG_WARN_ENUM_CONVERSION = YES;
				CLANG_WARN_INFINITE_RECURSION = YES;
				CLANG_WARN_INT_CONVERSION = YES;
				CLANG_WARN_NON_LITERAL_NULL_CONVERSION = YES;
				CLANG_WARN_OBJC_IMPLICIT_RETAIN_SELF = YES;
				CLANG_WARN_OBJC_LITERAL_CONVERSION = YES;
				CLANG_WARN_OBJC_ROOT_CLASS = YES_ERROR;
				CLANG_WARN_RANGE_LOOP_ANALYSIS = YES;
				CLANG_WARN_STRICT_PROTOTYPES = YES;
				CLANG_WARN_SUSPICIOUS_MOVE = YES;
				CLANG_WARN_UNGUARDED_AVAILABILITY = YES_AGGRESSIVE;
				CLANG_WARN_UNREACHABLE_CODE = YES;
				CLANG_WARN__DUPLICATE_METHOD_MATCH = YES;
				COPY_PHASE_STRIP = NO;
				DEBUG_INFORMATION_FORMAT = dwarf;
				ENABLE_STRICT_OBJC_MSGSEND = YES;
				ENABLE_TESTABILITY = YES;
				GCC_C_LANGUAGE_STANDARD = gnu11;
				GCC_DYNAMIC_NO_PIC = NO;
				GCC_NO_COMMON_BLOCKS = YES;
				GCC_OPTIMIZATION_LEVEL = 0;
				GCC_PREPROCESSOR_DEFINITIONS = (
					"DEBUG=1",
					"$(inherited)",
				);
				GCC_WARN_64_TO_32_BIT_CONVERSION = YES;
				GCC_WARN_ABOUT_RETURN_TYPE = YES_ERROR;
				GCC_WARN_UNDECLARED_SELECTOR = YES;
				GCC_WARN_UNINITIALIZED_AUTOS = YES_AGGRESSIVE;
				GCC_WARN_UNUSED_FUNCTION = YES;
				GCC_WARN_UNUSED_VARIABLE = YES;
				IPHONEOS_DEPLOYMENT_TARGET = 13.5;
				MTL_ENABLE_DEBUG_INFO = INCLUDE_SOURCE;
				MTL_FAST_MATH = YES;
				ONLY_ACTIVE_ARCH = YES;
				SDKROOT = iphoneos;
				SWIFT_ACTIVE_COMPILATION_CONDITIONS = DEBUG;
				SWIFT_OPTIMIZATION_LEVEL = "-Onone";
			};
			name = Debug;
		};
		9236AB0B24BCADD000AD6B6E /* Release */ = {
			isa = XCBuildConfiguration;
			buildSettings = {
				ALWAYS_SEARCH_USER_PATHS = NO;
				CLANG_ANALYZER_NONNULL = YES;
				CLANG_ANALYZER_NUMBER_OBJECT_CONVERSION = YES_AGGRESSIVE;
				CLANG_CXX_LANGUAGE_STANDARD = "gnu++14";
				CLANG_CXX_LIBRARY = "libc++";
				CLANG_ENABLE_MODULES = YES;
				CLANG_ENABLE_OBJC_ARC = YES;
				CLANG_ENABLE_OBJC_WEAK = YES;
				CLANG_WARN_BLOCK_CAPTURE_AUTORELEASING = YES;
				CLANG_WARN_BOOL_CONVERSION = YES;
				CLANG_WARN_COMMA = YES;
				CLANG_WARN_CONSTANT_CONVERSION = YES;
				CLANG_WARN_DEPRECATED_OBJC_IMPLEMENTATIONS = YES;
				CLANG_WARN_DIRECT_OBJC_ISA_USAGE = YES_ERROR;
				CLANG_WARN_DOCUMENTATION_COMMENTS = YES;
				CLANG_WARN_EMPTY_BODY = YES;
				CLANG_WARN_ENUM_CONVERSION = YES;
				CLANG_WARN_INFINITE_RECURSION = YES;
				CLANG_WARN_INT_CONVERSION = YES;
				CLANG_WARN_NON_LITERAL_NULL_CONVERSION = YES;
				CLANG_WARN_OBJC_IMPLICIT_RETAIN_SELF = YES;
				CLANG_WARN_OBJC_LITERAL_CONVERSION = YES;
				CLANG_WARN_OBJC_ROOT_CLASS = YES_ERROR;
				CLANG_WARN_RANGE_LOOP_ANALYSIS = YES;
				CLANG_WARN_STRICT_PROTOTYPES = YES;
				CLANG_WARN_SUSPICIOUS_MOVE = YES;
				CLANG_WARN_UNGUARDED_AVAILABILITY = YES_AGGRESSIVE;
				CLANG_WARN_UNREACHABLE_CODE = YES;
				CLANG_WARN__DUPLICATE_METHOD_MATCH = YES;
				COPY_PHASE_STRIP = NO;
				DEBUG_INFORMATION_FORMAT = "dwarf-with-dsym";
				ENABLE_NS_ASSERTIONS = NO;
				ENABLE_STRICT_OBJC_MSGSEND = YES;
				GCC_C_LANGUAGE_STANDARD = gnu11;
				GCC_NO_COMMON_BLOCKS = YES;
				GCC_WARN_64_TO_32_BIT_CONVERSION = YES;
				GCC_WARN_ABOUT_RETURN_TYPE = YES_ERROR;
				GCC_WARN_UNDECLARED_SELECTOR = YES;
				GCC_WARN_UNINITIALIZED_AUTOS = YES_AGGRESSIVE;
				GCC_WARN_UNUSED_FUNCTION = YES;
				GCC_WARN_UNUSED_VARIABLE = YES;
				IPHONEOS_DEPLOYMENT_TARGET = 13.5;
				MTL_ENABLE_DEBUG_INFO = NO;
				MTL_FAST_MATH = YES;
				SDKROOT = iphoneos;
				SWIFT_COMPILATION_MODE = wholemodule;
				SWIFT_OPTIMIZATION_LEVEL = "-O";
				VALIDATE_PRODUCT = YES;
			};
			name = Release;
		};
		9236AB0D24BCADD000AD6B6E /* Debug */ = {
			isa = XCBuildConfiguration;
			buildSettings = {
				ASSETCATALOG_COMPILER_APPICON_NAME = AppIcon;
				CODE_SIGN_STYLE = Automatic;
				DEVELOPMENT_ASSET_PATHS = "\"ChunksUnited/Preview Content\"";
				DEVELOPMENT_TEAM = 3TBW9CTRQ4;
				ENABLE_PREVIEWS = YES;
				INFOPLIST_FILE = ChunksUnited/Info.plist;
				LD_RUNPATH_SEARCH_PATHS = (
					"$(inherited)",
					"@executable_path/Frameworks",
				);
				PRODUCT_BUNDLE_IDENTIFIER = com.denisov.ChunksUnited;
				PRODUCT_NAME = "$(TARGET_NAME)";
				SWIFT_VERSION = 5.0;
				TARGETED_DEVICE_FAMILY = "1,2";
			};
			name = Debug;
		};
		9236AB0E24BCADD000AD6B6E /* Release */ = {
			isa = XCBuildConfiguration;
			buildSettings = {
				ASSETCATALOG_COMPILER_APPICON_NAME = AppIcon;
				CODE_SIGN_STYLE = Automatic;
				DEVELOPMENT_ASSET_PATHS = "\"ChunksUnited/Preview Content\"";
				DEVELOPMENT_TEAM = 3TBW9CTRQ4;
				ENABLE_PREVIEWS = YES;
				INFOPLIST_FILE = ChunksUnited/Info.plist;
				LD_RUNPATH_SEARCH_PATHS = (
					"$(inherited)",
					"@executable_path/Frameworks",
				);
				PRODUCT_BUNDLE_IDENTIFIER = com.denisov.ChunksUnited;
				PRODUCT_NAME = "$(TARGET_NAME)";
				SWIFT_VERSION = 5.0;
				TARGETED_DEVICE_FAMILY = "1,2";
			};
			name = Release;
		};
/* End XCBuildConfiguration section */

/* Begin XCConfigurationList section */
		9236AAF324BCADCD00AD6B6E /* Build configuration list for PBXProject "ChunksUnited" */ = {
			isa = XCConfigurationList;
			buildConfigurations = (
				9236AB0A24BCADD000AD6B6E /* Debug */,
				9236AB0B24BCADD000AD6B6E /* Release */,
			);
			defaultConfigurationIsVisible = 0;
			defaultConfigurationName = Release;
		};
		9236AB0C24BCADD000AD6B6E /* Build configuration list for PBXNativeTarget "ChunksUnited" */ = {
			isa = XCConfigurationList;
			buildConfigurations = (
				9236AB0D24BCADD000AD6B6E /* Debug */,
				9236AB0E24BCADD000AD6B6E /* Release */,
			);
			defaultConfigurationIsVisible = 0;
			defaultConfigurationName = Release;
		};
/* End XCConfigurationList section */

/* Begin XCRemoteSwiftPackageReference section */
		9236AB1924BCC4F100AD6B6E /* XCRemoteSwiftPackageReference "Yams" */ = {
			isa = XCRemoteSwiftPackageReference;
			repositoryURL = "https://github.com/jpsim/Yams.git";
			requirement = {
				kind = upToNextMajorVersion;
				minimumVersion = 3.0.1;
			};
		};
/* End XCRemoteSwiftPackageReference section */

/* Begin XCSwiftPackageProductDependency section */
		9236AB1A24BCC4F200AD6B6E /* Yams */ = {
			isa = XCSwiftPackageProductDependency;
			package = 9236AB1924BCC4F100AD6B6E /* XCRemoteSwiftPackageReference "Yams" */;
			productName = Yams;
		};
/* End XCSwiftPackageProductDependency section */
	};
	rootObject = 9236AAF024BCADCD00AD6B6E /* Project object */;
}
